// !$*UTF8*$!
{
	archiveVersion = 1;
	classes = {
	};
	objectVersion = 56;
	objects = {

/* Begin PBXBuildFile section */
		7800094729A5FB3D006D75F6 /* AppDelegate.swift in Sources */ = {isa = PBXBuildFile; fileRef = 7800094629A5FB3D006D75F6 /* AppDelegate.swift */; };
		7800094929A5FB3D006D75F6 /* SceneDelegate.swift in Sources */ = {isa = PBXBuildFile; fileRef = 7800094829A5FB3D006D75F6 /* SceneDelegate.swift */; };
		7800094B29A5FB3D006D75F6 /* ViewController.swift in Sources */ = {isa = PBXBuildFile; fileRef = 7800094A29A5FB3D006D75F6 /* ViewController.swift */; };
		7800094E29A5FB3D006D75F6 /* Main.storyboard in Resources */ = {isa = PBXBuildFile; fileRef = 7800094C29A5FB3D006D75F6 /* Main.storyboard */; };
		7800095029A5FB3E006D75F6 /* Assets.xcassets in Resources */ = {isa = PBXBuildFile; fileRef = 7800094F29A5FB3E006D75F6 /* Assets.xcassets */; };
		7800095329A5FB3E006D75F6 /* LaunchScreen.storyboard in Resources */ = {isa = PBXBuildFile; fileRef = 7800095129A5FB3E006D75F6 /* LaunchScreen.storyboard */; };
		7800095E29A5FC95006D75F6 /* TabBarViewController.swift in Sources */ = {isa = PBXBuildFile; fileRef = 7800095D29A5FC95006D75F6 /* TabBarViewController.swift */; };
		786356D129A5FD89002533EE /* ProfileViewController.swift in Sources */ = {isa = PBXBuildFile; fileRef = 786356D029A5FD89002533EE /* ProfileViewController.swift */; };
		786356D429A5FE02002533EE /* MainViewController.swift in Sources */ = {isa = PBXBuildFile; fileRef = 786356D329A5FE02002533EE /* MainViewController.swift */; };
		786356D729A5FE52002533EE /* KorzinaViewController.swift in Sources */ = {isa = PBXBuildFile; fileRef = 786356D629A5FE52002533EE /* KorzinaViewController.swift */; };
		786356DA29A5FED7002533EE /* KorzinaCollectionViewCell.swift in Sources */ = {isa = PBXBuildFile; fileRef = 786356D929A5FED7002533EE /* KorzinaCollectionViewCell.swift */; };
		786356DD29A5FF62002533EE /* NetworkAPI.swift in Sources */ = {isa = PBXBuildFile; fileRef = 786356DC29A5FF61002533EE /* NetworkAPI.swift */; };
		786356E029A5FFDE002533EE /* InsideViewController.swift in Sources */ = {isa = PBXBuildFile; fileRef = 786356DF29A5FFDE002533EE /* InsideViewController.swift */; };
		7863570D29A6620B002533EE /* GoogleService-Info.plist in Resources */ = {isa = PBXBuildFile; fileRef = 7863570C29A6620A002533EE /* GoogleService-Info.plist */; };
		7873777329A9033800CC89EB /* KeyChainManager.swift in Sources */ = {isa = PBXBuildFile; fileRef = 7873777229A9033800CC89EB /* KeyChainManager.swift */; };
		AF8173FD5FD3150A5B0BB711 /* Pods_CocktailsHW.framework in Frameworks */ = {isa = PBXBuildFile; fileRef = 57F3840D328C95165AE30C8D /* Pods_CocktailsHW.framework */; };
/* End PBXBuildFile section */

/* Begin PBXFileReference section */
		57F3840D328C95165AE30C8D /* Pods_CocktailsHW.framework */ = {isa = PBXFileReference; explicitFileType = wrapper.framework; includeInIndex = 0; path = Pods_CocktailsHW.framework; sourceTree = BUILT_PRODUCTS_DIR; };
		5EF7270C6CC7A52E14A17863 /* Pods-CocktailsHW.debug.xcconfig */ = {isa = PBXFileReference; includeInIndex = 1; lastKnownFileType = text.xcconfig; name = "Pods-CocktailsHW.debug.xcconfig"; path = "Target Support Files/Pods-CocktailsHW/Pods-CocktailsHW.debug.xcconfig"; sourceTree = "<group>"; };
		7800094329A5FB3D006D75F6 /* CocktailsHW.app */ = {isa = PBXFileReference; explicitFileType = wrapper.application; includeInIndex = 0; path = CocktailsHW.app; sourceTree = BUILT_PRODUCTS_DIR; };
		7800094629A5FB3D006D75F6 /* AppDelegate.swift */ = {isa = PBXFileReference; lastKnownFileType = sourcecode.swift; path = AppDelegate.swift; sourceTree = "<group>"; };
		7800094829A5FB3D006D75F6 /* SceneDelegate.swift */ = {isa = PBXFileReference; lastKnownFileType = sourcecode.swift; path = SceneDelegate.swift; sourceTree = "<group>"; };
		7800094A29A5FB3D006D75F6 /* ViewController.swift */ = {isa = PBXFileReference; lastKnownFileType = sourcecode.swift; path = ViewController.swift; sourceTree = "<group>"; };
		7800094D29A5FB3D006D75F6 /* Base */ = {isa = PBXFileReference; lastKnownFileType = file.storyboard; name = Base; path = Base.lproj/Main.storyboard; sourceTree = "<group>"; };
		7800094F29A5FB3E006D75F6 /* Assets.xcassets */ = {isa = PBXFileReference; lastKnownFileType = folder.assetcatalog; path = Assets.xcassets; sourceTree = "<group>"; };
		7800095229A5FB3E006D75F6 /* Base */ = {isa = PBXFileReference; lastKnownFileType = file.storyboard; name = Base; path = Base.lproj/LaunchScreen.storyboard; sourceTree = "<group>"; };
		7800095429A5FB3E006D75F6 /* Info.plist */ = {isa = PBXFileReference; lastKnownFileType = text.plist.xml; path = Info.plist; sourceTree = "<group>"; };
		7800095D29A5FC95006D75F6 /* TabBarViewController.swift */ = {isa = PBXFileReference; lastKnownFileType = sourcecode.swift; path = TabBarViewController.swift; sourceTree = "<group>"; };
		786356D029A5FD89002533EE /* ProfileViewController.swift */ = {isa = PBXFileReference; lastKnownFileType = sourcecode.swift; path = ProfileViewController.swift; sourceTree = "<group>"; };
		786356D329A5FE02002533EE /* MainViewController.swift */ = {isa = PBXFileReference; lastKnownFileType = sourcecode.swift; path = MainViewController.swift; sourceTree = "<group>"; };
		786356D629A5FE52002533EE /* KorzinaViewController.swift */ = {isa = PBXFileReference; lastKnownFileType = sourcecode.swift; path = KorzinaViewController.swift; sourceTree = "<group>"; };
		786356D929A5FED7002533EE /* KorzinaCollectionViewCell.swift */ = {isa = PBXFileReference; lastKnownFileType = sourcecode.swift; path = KorzinaCollectionViewCell.swift; sourceTree = "<group>"; };
		786356DC29A5FF61002533EE /* NetworkAPI.swift */ = {isa = PBXFileReference; lastKnownFileType = sourcecode.swift; path = NetworkAPI.swift; sourceTree = "<group>"; };
		786356DF29A5FFDE002533EE /* InsideViewController.swift */ = {isa = PBXFileReference; lastKnownFileType = sourcecode.swift; path = InsideViewController.swift; sourceTree = "<group>"; };
		7863570C29A6620A002533EE /* GoogleService-Info.plist */ = {isa = PBXFileReference; fileEncoding = 4; lastKnownFileType = text.plist.xml; path = "GoogleService-Info.plist"; sourceTree = "<group>"; };
		7873777229A9033800CC89EB /* KeyChainManager.swift */ = {isa = PBXFileReference; lastKnownFileType = sourcecode.swift; path = KeyChainManager.swift; sourceTree = "<group>"; };
		CE213E87EE1B0E1F8AB7A325 /* Pods-CocktailsHW.release.xcconfig */ = {isa = PBXFileReference; includeInIndex = 1; lastKnownFileType = text.xcconfig; name = "Pods-CocktailsHW.release.xcconfig"; path = "Target Support Files/Pods-CocktailsHW/Pods-CocktailsHW.release.xcconfig"; sourceTree = "<group>"; };
/* End PBXFileReference section */

/* Begin PBXFrameworksBuildPhase section */
		7800094029A5FB3D006D75F6 /* Frameworks */ = {
			isa = PBXFrameworksBuildPhase;
			buildActionMask = 2147483647;
			files = (
				AF8173FD5FD3150A5B0BB711 /* Pods_CocktailsHW.framework in Frameworks */,
			);
			runOnlyForDeploymentPostprocessing = 0;
		};
/* End PBXFrameworksBuildPhase section */

/* Begin PBXGroup section */
		55EAA2BD245D9D3CAA8A770D /* Frameworks */ = {
			isa = PBXGroup;
			children = (
				57F3840D328C95165AE30C8D /* Pods_CocktailsHW.framework */,
			);
			name = Frameworks;
			sourceTree = "<group>";
		};
		7800093A29A5FB3D006D75F6 = {
			isa = PBXGroup;
			children = (
				7800094529A5FB3D006D75F6 /* CocktailsHW */,
				7800094429A5FB3D006D75F6 /* Products */,
				86FC18BD1F993CF78DD1EF59 /* Pods */,
				55EAA2BD245D9D3CAA8A770D /* Frameworks */,
			);
			sourceTree = "<group>";
		};
		7800094429A5FB3D006D75F6 /* Products */ = {
			isa = PBXGroup;
			children = (
				7800094329A5FB3D006D75F6 /* CocktailsHW.app */,
			);
			name = Products;
			sourceTree = "<group>";
		};
		7800094529A5FB3D006D75F6 /* CocktailsHW */ = {
			isa = PBXGroup;
			children = (
				7863570C29A6620A002533EE /* GoogleService-Info.plist */,
				786356DE29A5FFBD002533EE /* InsideCollectionView */,
				786356D529A5FE20002533EE /* Korzina */,
				786356D229A5FDF2002533EE /* Main */,
				786356CF29A5FD77002533EE /* Profile */,
				7800095B29A5FB4E006D75F6 /* Resourses */,
				7800095A29A5FB43006D75F6 /* App */,
			);
			path = CocktailsHW;
			sourceTree = "<group>";
		};
		7800095A29A5FB43006D75F6 /* App */ = {
			isa = PBXGroup;
			children = (
				7800094629A5FB3D006D75F6 /* AppDelegate.swift */,
				7800094829A5FB3D006D75F6 /* SceneDelegate.swift */,
				7800095C29A5FC76006D75F6 /* TabBar */,
			);
			path = App;
			sourceTree = "<group>";
		};
		7800095B29A5FB4E006D75F6 /* Resourses */ = {
			isa = PBXGroup;
			children = (
				7800094A29A5FB3D006D75F6 /* ViewController.swift */,
				7800094C29A5FB3D006D75F6 /* Main.storyboard */,
				7800094F29A5FB3E006D75F6 /* Assets.xcassets */,
				7800095129A5FB3E006D75F6 /* LaunchScreen.storyboard */,
				7800095429A5FB3E006D75F6 /* Info.plist */,
			);
			path = Resourses;
			sourceTree = "<group>";
		};
		7800095C29A5FC76006D75F6 /* TabBar */ = {
			isa = PBXGroup;
			children = (
				7800095D29A5FC95006D75F6 /* TabBarViewController.swift */,
			);
			path = TabBar;
			sourceTree = "<group>";
		};
		786356CF29A5FD77002533EE /* Profile */ = {
			isa = PBXGroup;
			children = (
				786356D029A5FD89002533EE /* ProfileViewController.swift */,
				7873777129A9031000CC89EB /* KeyChainManager */,
			);
			path = Profile;
			sourceTree = "<group>";
		};
		786356D229A5FDF2002533EE /* Main */ = {
			isa = PBXGroup;
			children = (
				786356D329A5FE02002533EE /* MainViewController.swift */,
			);
			path = Main;
			sourceTree = "<group>";
		};
		786356D529A5FE20002533EE /* Korzina */ = {
			isa = PBXGroup;
			children = (
				786356D629A5FE52002533EE /* KorzinaViewController.swift */,
				786356D829A5FE94002533EE /* CollectionViewCell */,
			);
			path = Korzina;
			sourceTree = "<group>";
		};
		786356D829A5FE94002533EE /* CollectionViewCell */ = {
			isa = PBXGroup;
			children = (
				786356D929A5FED7002533EE /* KorzinaCollectionViewCell.swift */,
				786356DB29A5FF2E002533EE /* NetWorkAPI */,
			);
			path = CollectionViewCell;
			sourceTree = "<group>";
		};
		786356DB29A5FF2E002533EE /* NetWorkAPI */ = {
			isa = PBXGroup;
			children = (
				786356DC29A5FF61002533EE /* NetworkAPI.swift */,
			);
			path = NetWorkAPI;
			sourceTree = "<group>";
		};
		786356DE29A5FFBD002533EE /* InsideCollectionView */ = {
			isa = PBXGroup;
			children = (
				786356DF29A5FFDE002533EE /* InsideViewController.swift */,
			);
			path = InsideCollectionView;
			sourceTree = "<group>";
		};
		7873777129A9031000CC89EB /* KeyChainManager */ = {
			isa = PBXGroup;
			children = (
				7873777229A9033800CC89EB /* KeyChainManager.swift */,
			);
			path = KeyChainManager;
			sourceTree = "<group>";
		};
		86FC18BD1F993CF78DD1EF59 /* Pods */ = {
			isa = PBXGroup;
			children = (
				5EF7270C6CC7A52E14A17863 /* Pods-CocktailsHW.debug.xcconfig */,
				CE213E87EE1B0E1F8AB7A325 /* Pods-CocktailsHW.release.xcconfig */,
			);
			path = Pods;
			sourceTree = "<group>";
		};
/* End PBXGroup section */

/* Begin PBXNativeTarget section */
		7800094229A5FB3D006D75F6 /* CocktailsHW */ = {
			isa = PBXNativeTarget;
			buildConfigurationList = 7800095729A5FB3E006D75F6 /* Build configuration list for PBXNativeTarget "CocktailsHW" */;
			buildPhases = (
				2C99CDF869C2D4566FC9E90D /* [CP] Check Pods Manifest.lock */,
				7800093F29A5FB3D006D75F6 /* Sources */,
				7800094029A5FB3D006D75F6 /* Frameworks */,
				7800094129A5FB3D006D75F6 /* Resources */,
				29A77CFBF8CF29C8124F61FD /* [CP] Embed Pods Frameworks */,
			);
			buildRules = (
			);
			dependencies = (
			);
			name = CocktailsHW;
			productName = CocktailsHW;
			productReference = 7800094329A5FB3D006D75F6 /* CocktailsHW.app */;
			productType = "com.apple.product-type.application";
		};
/* End PBXNativeTarget section */

/* Begin PBXProject section */
		7800093B29A5FB3D006D75F6 /* Project object */ = {
			isa = PBXProject;
			attributes = {
				BuildIndependentTargetsInParallel = 1;
				LastSwiftUpdateCheck = 1420;
				LastUpgradeCheck = 1420;
				TargetAttributes = {
					7800094229A5FB3D006D75F6 = {
						CreatedOnToolsVersion = 14.2;
					};
				};
			};
			buildConfigurationList = 7800093E29A5FB3D006D75F6 /* Build configuration list for PBXProject "CocktailsHW" */;
			compatibilityVersion = "Xcode 14.0";
			developmentRegion = en;
			hasScannedForEncodings = 0;
			knownRegions = (
				en,
				Base,
			);
			mainGroup = 7800093A29A5FB3D006D75F6;
			productRefGroup = 7800094429A5FB3D006D75F6 /* Products */;
			projectDirPath = "";
			projectRoot = "";
			targets = (
				7800094229A5FB3D006D75F6 /* CocktailsHW */,
			);
		};
/* End PBXProject section */

/* Begin PBXResourcesBuildPhase section */
		7800094129A5FB3D006D75F6 /* Resources */ = {
			isa = PBXResourcesBuildPhase;
			buildActionMask = 2147483647;
			files = (
				7800095329A5FB3E006D75F6 /* LaunchScreen.storyboard in Resources */,
				7863570D29A6620B002533EE /* GoogleService-Info.plist in Resources */,
				7800095029A5FB3E006D75F6 /* Assets.xcassets in Resources */,
				7800094E29A5FB3D006D75F6 /* Main.storyboard in Resources */,
			);
			runOnlyForDeploymentPostprocessing = 0;
		};
/* End PBXResourcesBuildPhase section */

/* Begin PBXShellScriptBuildPhase section */
		29A77CFBF8CF29C8124F61FD /* [CP] Embed Pods Frameworks */ = {
			isa = PBXShellScriptBuildPhase;
			buildActionMask = 2147483647;
			files = (
			);
			inputFileListPaths = (
				"${PODS_ROOT}/Target Support Files/Pods-CocktailsHW/Pods-CocktailsHW-frameworks-${CONFIGURATION}-input-files.xcfilelist",
			);
			name = "[CP] Embed Pods Frameworks";
			outputFileListPaths = (
				"${PODS_ROOT}/Target Support Files/Pods-CocktailsHW/Pods-CocktailsHW-frameworks-${CONFIGURATION}-output-files.xcfilelist",
			);
			runOnlyForDeploymentPostprocessing = 0;
			shellPath = /bin/sh;
			shellScript = "\"${PODS_ROOT}/Target Support Files/Pods-CocktailsHW/Pods-CocktailsHW-frameworks.sh\"\n";
			showEnvVarsInLog = 0;
		};
		2C99CDF869C2D4566FC9E90D /* [CP] Check Pods Manifest.lock */ = {
			isa = PBXShellScriptBuildPhase;
			buildActionMask = 2147483647;
			files = (
			);
			inputFileListPaths = (
			);
			inputPaths = (
				"${PODS_PODFILE_DIR_PATH}/Podfile.lock",
				"${PODS_ROOT}/Manifest.lock",
			);
			name = "[CP] Check Pods Manifest.lock";
			outputFileListPaths = (
			);
			outputPaths = (
				"$(DERIVED_FILE_DIR)/Pods-CocktailsHW-checkManifestLockResult.txt",
			);
			runOnlyForDeploymentPostprocessing = 0;
			shellPath = /bin/sh;
			shellScript = "diff \"${PODS_PODFILE_DIR_PATH}/Podfile.lock\" \"${PODS_ROOT}/Manifest.lock\" > /dev/null\nif [ $? != 0 ] ; then\n    # print error to STDERR\n    echo \"error: The sandbox is not in sync with the Podfile.lock. Run 'pod install' or update your CocoaPods installation.\" >&2\n    exit 1\nfi\n# This output is used by Xcode 'outputs' to avoid re-running this script phase.\necho \"SUCCESS\" > \"${SCRIPT_OUTPUT_FILE_0}\"\n";
			showEnvVarsInLog = 0;
		};
/* End PBXShellScriptBuildPhase section */

/* Begin PBXSourcesBuildPhase section */
		7800093F29A5FB3D006D75F6 /* Sources */ = {
			isa = PBXSourcesBuildPhase;
			buildActionMask = 2147483647;
			files = (
				7800095E29A5FC95006D75F6 /* TabBarViewController.swift in Sources */,
				7800094B29A5FB3D006D75F6 /* ViewController.swift in Sources */,
				786356E029A5FFDE002533EE /* InsideViewController.swift in Sources */,
				786356DD29A5FF62002533EE /* NetworkAPI.swift in Sources */,
				7873777329A9033800CC89EB /* KeyChainManager.swift in Sources */,
				786356D729A5FE52002533EE /* KorzinaViewController.swift in Sources */,
				786356D129A5FD89002533EE /* ProfileViewController.swift in Sources */,
				786356D429A5FE02002533EE /* MainViewController.swift in Sources */,
				7800094729A5FB3D006D75F6 /* AppDelegate.swift in Sources */,
				7800094929A5FB3D006D75F6 /* SceneDelegate.swift in Sources */,
				786356DA29A5FED7002533EE /* KorzinaCollectionViewCell.swift in Sources */,
			);
			runOnlyForDeploymentPostprocessing = 0;
		};
/* End PBXSourcesBuildPhase section */

/* Begin PBXVariantGroup section */
		7800094C29A5FB3D006D75F6 /* Main.storyboard */ = {
			isa = PBXVariantGroup;
			children = (
				7800094D29A5FB3D006D75F6 /* Base */,
			);
			name = Main.storyboard;
			sourceTree = "<group>";
		};
		7800095129A5FB3E006D75F6 /* LaunchScreen.storyboard */ = {
			isa = PBXVariantGroup;
			children = (
				7800095229A5FB3E006D75F6 /* Base */,
			);
			name = LaunchScreen.storyboard;
			sourceTree = "<group>";
		};
/* End PBXVariantGroup section */

/* Begin XCBuildConfiguration section */
		7800095529A5FB3E006D75F6 /* Debug */ = {
			isa = XCBuildConfiguration;
			buildSettings = {
				ALWAYS_SEARCH_USER_PATHS = NO;
				CLANG_ANALYZER_NONNULL = YES;
				CLANG_ANALYZER_NUMBER_OBJECT_CONVERSION = YES_AGGRESSIVE;
				CLANG_CXX_LANGUAGE_STANDARD = "gnu++20";
				CLANG_ENABLE_MODULES = YES;
				CLANG_ENABLE_OBJC_ARC = YES;
				CLANG_ENABLE_OBJC_WEAK = YES;
				CLANG_WARN_BLOCK_CAPTURE_AUTORELEASING = YES;
				CLANG_WARN_BOOL_CONVERSION = YES;
				CLANG_WARN_COMMA = YES;
				CLANG_WARN_CONSTANT_CONVERSION = YES;
				CLANG_WARN_DEPRECATED_OBJC_IMPLEMENTATIONS = YES;
				CLANG_WARN_DIRECT_OBJC_ISA_USAGE = YES_ERROR;
				CLANG_WARN_DOCUMENTATION_COMMENTS = YES;
				CLANG_WARN_EMPTY_BODY = YES;
				CLANG_WARN_ENUM_CONVERSION = YES;
				CLANG_WARN_INFINITE_RECURSION = YES;
				CLANG_WARN_INT_CONVERSION = YES;
				CLANG_WARN_NON_LITERAL_NULL_CONVERSION = YES;
				CLANG_WARN_OBJC_IMPLICIT_RETAIN_SELF = YES;
				CLANG_WARN_OBJC_LITERAL_CONVERSION = YES;
				CLANG_WARN_OBJC_ROOT_CLASS = YES_ERROR;
				CLANG_WARN_QUOTED_INCLUDE_IN_FRAMEWORK_HEADER = YES;
				CLANG_WARN_RANGE_LOOP_ANALYSIS = YES;
				CLANG_WARN_STRICT_PROTOTYPES = YES;
				CLANG_WARN_SUSPICIOUS_MOVE = YES;
				CLANG_WARN_UNGUARDED_AVAILABILITY = YES_AGGRESSIVE;
				CLANG_WARN_UNREACHABLE_CODE = YES;
				CLANG_WARN__DUPLICATE_METHOD_MATCH = YES;
				COPY_PHASE_STRIP = NO;
				DEBUG_INFORMATION_FORMAT = dwarf;
				ENABLE_STRICT_OBJC_MSGSEND = YES;
				ENABLE_TESTABILITY = YES;
				GCC_C_LANGUAGE_STANDARD = gnu11;
				GCC_DYNAMIC_NO_PIC = NO;
				GCC_NO_COMMON_BLOCKS = YES;
				GCC_OPTIMIZATION_LEVEL = 0;
				GCC_PREPROCESSOR_DEFINITIONS = (
					"DEBUG=1",
					"$(inherited)",
				);
				GCC_WARN_64_TO_32_BIT_CONVERSION = YES;
				GCC_WARN_ABOUT_RETURN_TYPE = YES_ERROR;
				GCC_WARN_UNDECLARED_SELECTOR = YES;
				GCC_WARN_UNINITIALIZED_AUTOS = YES_AGGRESSIVE;
				GCC_WARN_UNUSED_FUNCTION = YES;
				GCC_WARN_UNUSED_VARIABLE = YES;
				IPHONEOS_DEPLOYMENT_TARGET = 16.2;
				MTL_ENABLE_DEBUG_INFO = INCLUDE_SOURCE;
				MTL_FAST_MATH = YES;
				ONLY_ACTIVE_ARCH = YES;
				SDKROOT = iphoneos;
				SWIFT_ACTIVE_COMPILATION_CONDITIONS = DEBUG;
				SWIFT_OPTIMIZATION_LEVEL = "-Onone";
			};
			name = Debug;
		};
		7800095629A5FB3E006D75F6 /* Release */ = {
			isa = XCBuildConfiguration;
			buildSettings = {
				ALWAYS_SEARCH_USER_PATHS = NO;
				CLANG_ANALYZER_NONNULL = YES;
				CLANG_ANALYZER_NUMBER_OBJECT_CONVERSION = YES_AGGRESSIVE;
				CLANG_CXX_LANGUAGE_STANDARD = "gnu++20";
				CLANG_ENABLE_MODULES = YES;
				CLANG_ENABLE_OBJC_ARC = YES;
				CLANG_ENABLE_OBJC_WEAK = YES;
				CLANG_WARN_BLOCK_CAPTURE_AUTORELEASING = YES;
				CLANG_WARN_BOOL_CONVERSION = YES;
				CLANG_WARN_COMMA = YES;
				CLANG_WARN_CONSTANT_CONVERSION = YES;
				CLANG_WARN_DEPRECATED_OBJC_IMPLEMENTATIONS = YES;
				CLANG_WARN_DIRECT_OBJC_ISA_USAGE = YES_ERROR;
				CLANG_WARN_DOCUMENTATION_COMMENTS = YES;
				CLANG_WARN_EMPTY_BODY = YES;
				CLANG_WARN_ENUM_CONVERSION = YES;
				CLANG_WARN_INFINITE_RECURSION = YES;
				CLANG_WARN_INT_CONVERSION = YES;
				CLANG_WARN_NON_LITERAL_NULL_CONVERSION = YES;
				CLANG_WARN_OBJC_IMPLICIT_RETAIN_SELF = YES;
				CLANG_WARN_OBJC_LITERAL_CONVERSION = YES;
				CLANG_WARN_OBJC_ROOT_CLASS = YES_ERROR;
				CLANG_WARN_QUOTED_INCLUDE_IN_FRAMEWORK_HEADER = YES;
				CLANG_WARN_RANGE_LOOP_ANALYSIS = YES;
				CLANG_WARN_STRICT_PROTOTYPES = YES;
				CLANG_WARN_SUSPICIOUS_MOVE = YES;
				CLANG_WARN_UNGUARDED_AVAILABILITY = YES_AGGRESSIVE;
				CLANG_WARN_UNREACHABLE_CODE = YES;
				CLANG_WARN__DUPLICATE_METHOD_MATCH = YES;
				COPY_PHASE_STRIP = NO;
				DEBUG_INFORMATION_FORMAT = "dwarf-with-dsym";
				ENABLE_NS_ASSERTIONS = NO;
				ENABLE_STRICT_OBJC_MSGSEND = YES;
				GCC_C_LANGUAGE_STANDARD = gnu11;
				GCC_NO_COMMON_BLOCKS = YES;
				GCC_WARN_64_TO_32_BIT_CONVERSION = YES;
				GCC_WARN_ABOUT_RETURN_TYPE = YES_ERROR;
				GCC_WARN_UNDECLARED_SELECTOR = YES;
				GCC_WARN_UNINITIALIZED_AUTOS = YES_AGGRESSIVE;
				GCC_WARN_UNUSED_FUNCTION = YES;
				GCC_WARN_UNUSED_VARIABLE = YES;
				IPHONEOS_DEPLOYMENT_TARGET = 16.2;
				MTL_ENABLE_DEBUG_INFO = NO;
				MTL_FAST_MATH = YES;
				SDKROOT = iphoneos;
				SWIFT_COMPILATION_MODE = wholemodule;
				SWIFT_OPTIMIZATION_LEVEL = "-O";
				VALIDATE_PRODUCT = YES;
			};
			name = Release;
		};
		7800095829A5FB3E006D75F6 /* Debug */ = {
			isa = XCBuildConfiguration;
			baseConfigurationReference = 5EF7270C6CC7A52E14A17863 /* Pods-CocktailsHW.debug.xcconfig */;
			buildSettings = {
				ASSETCATALOG_COMPILER_APPICON_NAME = AppIcon;
				ASSETCATALOG_COMPILER_GLOBAL_ACCENT_COLOR_NAME = AccentColor;
				CODE_SIGN_STYLE = Automatic;
				CURRENT_PROJECT_VERSION = 1;
				DEVELOPMENT_TEAM = 2X83VDWRY6;
				GENERATE_INFOPLIST_FILE = YES;
				INFOPLIST_FILE = CocktailsHW/Resourses/Info.plist;
				INFOPLIST_KEY_UIApplicationSupportsIndirectInputEvents = YES;
				INFOPLIST_KEY_UILaunchStoryboardName = LaunchScreen;
				INFOPLIST_KEY_UIMainStoryboardFile = Main;
				INFOPLIST_KEY_UISupportedInterfaceOrientations_iPad = "UIInterfaceOrientationPortrait UIInterfaceOrientationPortraitUpsideDown UIInterfaceOrientationLandscapeLeft UIInterfaceOrientationLandscapeRight";
				INFOPLIST_KEY_UISupportedInterfaceOrientations_iPhone = "UIInterfaceOrientationPortrait UIInterfaceOrientationLandscapeLeft UIInterfaceOrientationLandscapeRight";
				LD_RUNPATH_SEARCH_PATHS = (
					"$(inherited)",
					"@executable_path/Frameworks",
				);
				MARKETING_VERSION = 1.0;
				PRODUCT_BUNDLE_IDENTIFIER = com.zalkarbekarapbaev.CocktailsHW;
				PRODUCT_NAME = "$(TARGET_NAME)";
				SWIFT_EMIT_LOC_STRINGS = YES;
				SWIFT_VERSION = 5.0;
				TARGETED_DEVICE_FAMILY = "1,2";
			};
			name = Debug;
		};
		7800095929A5FB3E006D75F6 /* Release */ = {
			isa = XCBuildConfiguration;
			baseConfigurationReference = CE213E87EE1B0E1F8AB7A325 /* Pods-CocktailsHW.release.xcconfig */;
			buildSettings = {
				ASSETCATALOG_COMPILER_APPICON_NAME = AppIcon;
				ASSETCATALOG_COMPILER_GLOBAL_ACCENT_COLOR_NAME = AccentColor;
				CODE_SIGN_STYLE = Automatic;
				CURRENT_PROJECT_VERSION = 1;
				DEVELOPMENT_TEAM = 2X83VDWRY6;
				GENERATE_INFOPLIST_FILE = YES;
				INFOPLIST_FILE = CocktailsHW/Resourses/Info.plist;
				INFOPLIST_KEY_UIApplicationSupportsIndirectInputEvents = YES;
				INFOPLIST_KEY_UILaunchStoryboardName = LaunchScreen;
				INFOPLIST_KEY_UIMainStoryboardFile = Main;
				INFOPLIST_KEY_UISupportedInterfaceOrientations_iPad = "UIInterfaceOrientationPortrait UIInterfaceOrientationPortraitUpsideDown UIInterfaceOrientationLandscapeLeft UIInterfaceOrientationLandscapeRight";
				INFOPLIST_KEY_UISupportedInterfaceOrientations_iPhone = "UIInterfaceOrientationPortrait UIInterfaceOrientationLandscapeLeft UIInterfaceOrientationLandscapeRight";
				LD_RUNPATH_SEARCH_PATHS = (
					"$(inherited)",
					"@executable_path/Frameworks",
				);
				MARKETING_VERSION = 1.0;
				PRODUCT_BUNDLE_IDENTIFIER = com.zalkarbekarapbaev.CocktailsHW;
				PRODUCT_NAME = "$(TARGET_NAME)";
				SWIFT_EMIT_LOC_STRINGS = YES;
				SWIFT_VERSION = 5.0;
				TARGETED_DEVICE_FAMILY = "1,2";
			};
			name = Release;
		};
/* End XCBuildConfiguration section */

/* Begin XCConfigurationList section */
		7800093E29A5FB3D006D75F6 /* Build configuration list for PBXProject "CocktailsHW" */ = {
			isa = XCConfigurationList;
			buildConfigurations = (
				7800095529A5FB3E006D75F6 /* Debug */,
				7800095629A5FB3E006D75F6 /* Release */,
			);
			defaultConfigurationIsVisible = 0;
			defaultConfigurationName = Release;
		};
		7800095729A5FB3E006D75F6 /* Build configuration list for PBXNativeTarget "CocktailsHW" */ = {
			isa = XCConfigurationList;
			buildConfigurations = (
				7800095829A5FB3E006D75F6 /* Debug */,
				7800095929A5FB3E006D75F6 /* Release */,
			);
			defaultConfigurationIsVisible = 0;
			defaultConfigurationName = Release;
		};
/* End XCConfigurationList section */
	};
	rootObject = 7800093B29A5FB3D006D75F6 /* Project object */;
}
